
Microsoft Visual Studio Solution File, Format Version 12.00
# Visual Studio Version 17
VisualStudioVersion = 17.4.33213.308
MinimumVisualStudioVersion = 10.0.40219.1
Project("{FAE04EC0-301F-11D3-BF4B-00C04F79EFBC}") = "TestData", "..\source\TestData\TestData.csproj", "{BE144680-8E23-4272-9239-C74D3CD8A04A}"
EndProject
Project("{FAE04EC0-301F-11D3-BF4B-00C04F79EFBC}") = "CopyCalibreCovers", "..\source\CopyCalibreCovers\CopyCalibreCovers.csproj", "{F24BA6DD-D8C6-459D-94CA-CDB37CCE45C1}"
EndProject
Project("{FAE04EC0-301F-11D3-BF4B-00C04F79EFBC}") = "CalibreData", "..\source\CalibreData\CalibreData.csproj", "{CB391A7F-B162-4464-903D-63B90E9C2DEE}"
EndProject
Project("{D954291E-2A0B-460D-934E-DC6B0785DB48}") = "Calib", "..\source\Calib\Calib.shproj", "{3239FAB8-B0DD-480E-8732-6B9E90EF04C0}"
EndProject
Project("{9A19103F-16F7-4668-BE54-9A1E7A4F7556}") = "CalibreNetBlazer", "..\source\CalibreNetBlazer\CalibreNetBlazer.csproj", "{CDC79CD0-61D0-4904-B9A0-1ACF2C216067}"
EndProject
Global
	GlobalSection(SolutionConfigurationPlatforms) = preSolution
		Debug|Any CPU = Debug|Any CPU
		Debug|Win32 = Debug|Win32
		Debug|x64 = Debug|x64
		Release|Any CPU = Release|Any CPU
		Release|Win32 = Release|Win32
		Release|x64 = Release|x64
	EndGlobalSection
	GlobalSection(ProjectConfigurationPlatforms) = postSolution
		{BE144680-8E23-4272-9239-C74D3CD8A04A}.Debug|Any CPU.ActiveCfg = Debug|Win32
		{BE144680-8E23-4272-9239-C74D3CD8A04A}.Debug|Win32.ActiveCfg = Debug|Win32
		{BE144680-8E23-4272-9239-C74D3CD8A04A}.Debug|Win32.Build.0 = Debug|Win32
		{BE144680-8E23-4272-9239-C74D3CD8A04A}.Debug|x64.ActiveCfg = Debug|x64
		{BE144680-8E23-4272-9239-C74D3CD8A04A}.Release|Any CPU.ActiveCfg = Release|Win32
		{BE144680-8E23-4272-9239-C74D3CD8A04A}.Release|Win32.ActiveCfg = Release|Win32
		{BE144680-8E23-4272-9239-C74D3CD8A04A}.Release|Win32.Build.0 = Release|Win32
		{BE144680-8E23-4272-9239-C74D3CD8A04A}.Release|x64.ActiveCfg = Release|x64
		{BE144680-8E23-4272-9239-C74D3CD8A04A}.Release|x64.Build.0 = Release|x64
		{F24BA6DD-D8C6-459D-94CA-CDB37CCE45C1}.Debug|Any CPU.ActiveCfg = Debug|Win32
		{F24BA6DD-D8C6-459D-94CA-CDB37CCE45C1}.Debug|Win32.ActiveCfg = Debug|Win32
		{F24BA6DD-D8C6-459D-94CA-CDB37CCE45C1}.Debug|Win32.Build.0 = Debug|Win32
		{F24BA6DD-D8C6-459D-94CA-CDB37CCE45C1}.Debug|x64.ActiveCfg = Debug|x64
		{F24BA6DD-D8C6-459D-94CA-CDB37CCE45C1}.Release|Any CPU.ActiveCfg = Release|Win32
		{F24BA6DD-D8C6-459D-94CA-CDB37CCE45C1}.Release|Win32.ActiveCfg = Release|Win32
		{F24BA6DD-D8C6-459D-94CA-CDB37CCE45C1}.Release|Win32.Build.0 = Release|Win32
		{F24BA6DD-D8C6-459D-94CA-CDB37CCE45C1}.Release|x64.ActiveCfg = Release|x64
		{F24BA6DD-D8C6-459D-94CA-CDB37CCE45C1}.Release|x64.Build.0 = Release|x64
		{CB391A7F-B162-4464-903D-63B90E9C2DEE}.Debug|Any CPU.ActiveCfg = Debug|Win32
		{CB391A7F-B162-4464-903D-63B90E9C2DEE}.Debug|Win32.ActiveCfg = Debug|Win32
		{CB391A7F-B162-4464-903D-63B90E9C2DEE}.Debug|Win32.Build.0 = Debug|Win32
		{CB391A7F-B162-4464-903D-63B90E9C2DEE}.Debug|x64.ActiveCfg = Debug|x64
		{CB391A7F-B162-4464-903D-63B90E9C2DEE}.Release|Any CPU.ActiveCfg = Release|Win32
		{CB391A7F-B162-4464-903D-63B90E9C2DEE}.Release|Win32.ActiveCfg = Release|Win32
		{CB391A7F-B162-4464-903D-63B90E9C2DEE}.Release|Win32.Build.0 = Release|Win32
		{CB391A7F-B162-4464-903D-63B90E9C2DEE}.Release|x64.ActiveCfg = Release|x64
		{CB391A7F-B162-4464-903D-63B90E9C2DEE}.Release|x64.Build.0 = Release|x64
		{3239FAB8-B0DD-480E-8732-6B9E90EF04C0}.Debug|Any CPU.ActiveCfg = Debug|Any CPU
		{3239FAB8-B0DD-480E-8732-6B9E90EF04C0}.Debug|Any CPU.Build.0 = Debug|Any CPU
		{3239FAB8-B0DD-480E-8732-6B9E90EF04C0}.Debug|Win32.ActiveCfg = Debug|Win32
		{3239FAB8-B0DD-480E-8732-6B9E90EF04C0}.Debug|Win32.Build.0 = Debug|Win32
		{3239FAB8-B0DD-480E-8732-6B9E90EF04C0}.Debug|x64.ActiveCfg = Debug|x64
		{3239FAB8-B0DD-480E-8732-6B9E90EF04C0}.Debug|x64.Build.0 = Debug|x64
		{3239FAB8-B0DD-480E-8732-6B9E90EF04C0}.Release|Any CPU.ActiveCfg = Release|Any CPU
		{3239FAB8-B0DD-480E-8732-6B9E90EF04C0}.Release|Any CPU.Build.0 = Release|Any CPU
		{3239FAB8-B0DD-480E-8732-6B9E90EF04C0}.Release|Win32.ActiveCfg = Release|Win32
		{3239FAB8-B0DD-480E-8732-6B9E90EF04C0}.Release|Win32.Build.0 = Release|Win32
		{3239FAB8-B0DD-480E-8732-6B9E90EF04C0}.Release|x64.ActiveCfg = Release|x64
		{3239FAB8-B0DD-480E-8732-6B9E90EF04C0}.Release|x64.Build.0 = Release|x64
		{CDC79CD0-61D0-4904-B9A0-1ACF2C216067}.Debug|Any CPU.ActiveCfg = Debug|Any CPU
		{CDC79CD0-61D0-4904-B9A0-1ACF2C216067}.Debug|Any CPU.Build.0 = Debug|Any CPU
		{CDC79CD0-61D0-4904-B9A0-1ACF2C216067}.Debug|Win32.ActiveCfg = Debug|Any CPU
		{CDC79CD0-61D0-4904-B9A0-1ACF2C216067}.Debug|Win32.Build.0 = Debug|Any CPU
		{CDC79CD0-61D0-4904-B9A0-1ACF2C216067}.Debug|x64.ActiveCfg = Debug|Any CPU
		{CDC79CD0-61D0-4904-B9A0-1ACF2C216067}.Debug|x64.Build.0 = Debug|Any CPU
		{CDC79CD0-61D0-4904-B9A0-1ACF2C216067}.Release|Any CPU.ActiveCfg = Release|Any CPU
		{CDC79CD0-61D0-4904-B9A0-1ACF2C216067}.Release|Any CPU.Build.0 = Release|Any CPU
		{CDC79CD0-61D0-4904-B9A0-1ACF2C216067}.Release|Win32.ActiveCfg = Release|Any CPU
		{CDC79CD0-61D0-4904-B9A0-1ACF2C216067}.Release|Win32.Build.0 = Release|Any CPU
		{CDC79CD0-61D0-4904-B9A0-1ACF2C216067}.Release|x64.ActiveCfg = Release|Any CPU
		{CDC79CD0-61D0-4904-B9A0-1ACF2C216067}.Release|x64.Build.0 = Release|Any CPU
	EndGlobalSection
	GlobalSection(SolutionProperties) = preSolution
		HideSolutionNode = FALSE
	EndGlobalSection
	GlobalSection(ExtensibilityGlobals) = postSolution
		SolutionGuid = {27008ECB-0BBF-4558-A823-119D0336805B}
	EndGlobalSection
	GlobalSection(SharedMSBuildProjectFiles) = preSolution
		..\source\Calib\Calib.projitems*{3239fab8-b0dd-480e-8732-6b9e90ef04c0}*SharedItemsImports = 13
		..\source\Calib\Calib.projitems*{be144680-8e23-4272-9239-c74d3cd8a04a}*SharedItemsImports = 4
		..\source\Calib\Calib.projitems*{cb391a7f-b162-4464-903d-63b90e9c2dee}*SharedItemsImports = 4
		..\source\Calib\Calib.projitems*{cdc79cd0-61d0-4904-b9a0-1acf2c216067}*SharedItemsImports = 5
		..\source\Calib\Calib.projitems*{f24ba6dd-d8c6-459d-94ca-cdb37cce45c1}*SharedItemsImports = 4
	EndGlobalSection
EndGlobal
